{
  "name": "step2",
  "lockfileVersion": 2,
  "requires": true,
  "packages": {
    "": {
      "dependencies": {
        "amqp-ts": "^1.8.0",
        "amqplib": "^0.10.3",
        "axios": "^1.1.3"
      }
    },
    "node_modules/@acuminous/bitsyntax": {
      "version": "0.1.2",
      "resolved": "https://registry.npmjs.org/@acuminous/bitsyntax/-/bitsyntax-0.1.2.tgz",
      "integrity": "sha512-29lUK80d1muEQqiUsSo+3A0yP6CdspgC95EnKBMi22Xlwt79i/En4Vr67+cXhU+cZjbti3TgGGC5wy1stIywVQ==",
      "dependencies": {
        "buffer-more-ints": "~1.0.0",
        "debug": "^4.3.4",
        "safe-buffer": "~5.1.2"
      },
      "engines": {
        "node": ">=0.8"
      }
    },
    "node_modules/@types/node": {
      "version": "12.20.55",
      "resolved": "https://registry.npmjs.org/@types/node/-/node-12.20.55.tgz",
      "integrity": "sha512-J8xLz7q2OFulZ2cyGTLE1TbbZcjpno7FaN6zdJNrgAdrJ+DZzh/uFR6YrTb4C+nXakvud8Q4+rbhoIWlYQbUFQ=="
    },
    "node_modules/amqp-ts": {
      "version": "1.8.0",
      "resolved": "https://registry.npmjs.org/amqp-ts/-/amqp-ts-1.8.0.tgz",
      "integrity": "sha512-XIqxqfpJX4G3KkGcpyPhVXXmw8S+BZfzQuSPB504RBibi55XEpHEHgFNWWNHRax09bmiPgPYQmTNEec6pJUfMQ==",
      "dependencies": {
        "@types/node": "^12.7.2",
        "amqplib": "^0.4.1",
        "bluebird": "^3.3.5",
        "winston": "^2.2.0"
      }
    },
    "node_modules/amqp-ts/node_modules/amqplib": {
      "version": "0.4.2",
      "resolved": "https://registry.npmjs.org/amqplib/-/amqplib-0.4.2.tgz",
      "integrity": "sha512-B8iSyozIqKcR72wFeS+VrCYmzqyCIRKDnDr8nnz2FBsnpKjia4pqby2/r4FluhyaIzBqKGaldYWy95g0OKPHUA==",
      "dependencies": {
        "bitsyntax": "~0.0.4",
        "buffer-more-ints": "0.0.2",
        "readable-stream": "1.x >=1.1.9",
        "when": "~3.6.2"
      },
      "engines": {
        "node": ">=0.8 <6 || ^6"
      }
    },
    "node_modules/amqp-ts/node_modules/buffer-more-ints": {
      "version": "0.0.2",
      "resolved": "https://registry.npmjs.org/buffer-more-ints/-/buffer-more-ints-0.0.2.tgz",
      "integrity": "sha512-PDgX2QJgUc5+Jb2xAoBFP5MxhtVUmZHR33ak+m/SDxRdCrbnX1BggRIaxiW7ImwfmO4iJeCQKN18ToSXWGjYkA=="
    },
    "node_modules/amqplib": {
      "version": "0.10.3",
      "resolved": "https://registry.npmjs.org/amqplib/-/amqplib-0.10.3.tgz",
      "integrity": "sha512-UHmuSa7n8vVW/a5HGh2nFPqAEr8+cD4dEZ6u9GjP91nHfr1a54RyAKyra7Sb5NH7NBKOUlyQSMXIp0qAixKexw==",
      "dependencies": {
        "@acuminous/bitsyntax": "^0.1.2",
        "buffer-more-ints": "~1.0.0",
        "readable-stream": "1.x >=1.1.9",
        "url-parse": "~1.5.10"
      },
      "engines": {
        "node": ">=10"
      }
    },
    "node_modules/async": {
      "version": "2.6.4",
      "resolved": "https://registry.npmjs.org/async/-/async-2.6.4.tgz",
      "integrity": "sha512-mzo5dfJYwAn29PeiJ0zvwTo04zj8HDJj0Mn8TD7sno7q12prdbnasKJHhkm2c1LgrhlJ0teaea8860oxi51mGA==",
      "dependencies": {
        "lodash": "^4.17.14"
      }
    },
    "node_modules/asynckit": {
      "version": "0.4.0",
      "license": "MIT"
    },
    "node_modules/axios": {
      "version": "1.1.3",
      "resolved": "https://registry.npmjs.org/axios/-/axios-1.1.3.tgz",
      "integrity": "sha512-00tXVRwKx/FZr/IDVFt4C+f9FYairX517WoGCL6dpOntqLkZofjhu43F/Xl44UOpqa+9sLFDrG/XAnFsUYgkDA==",
      "dependencies": {
        "follow-redirects": "^1.15.0",
        "form-data": "^4.0.0",
        "proxy-from-env": "^1.1.0"
      }
    },
    "node_modules/axios/node_modules/form-data": {
      "version": "4.0.0",
      "resolved": "https://registry.npmjs.org/form-data/-/form-data-4.0.0.tgz",
      "integrity": "sha512-ETEklSGi5t0QMZuiXoA/Q6vcnxcLQP5vdugSpuAyi6SVGi2clPPp+xgEhuMaHC+zGgn31Kd235W35f7Hykkaww==",
      "dependencies": {
        "asynckit": "^0.4.0",
        "combined-stream": "^1.0.8",
        "mime-types": "^2.1.12"
      },
      "engines": {
        "node": ">= 6"
      }
    },
    "node_modules/bitsyntax": {
      "version": "0.0.4",
      "resolved": "https://registry.npmjs.org/bitsyntax/-/bitsyntax-0.0.4.tgz",
      "integrity": "sha512-Pav3HSZXD2NLQOWfJldY3bpJLt8+HS2nUo5Z1bLLmHg2vCE/cM1qfEvNjlYo7GgYQPneNr715Bh42i01ZHZPvw==",
      "dependencies": {
        "buffer-more-ints": "0.0.2"
      },
      "engines": {
        "node": ">=0.6"
      }
    },
    "node_modules/bitsyntax/node_modules/buffer-more-ints": {
      "version": "0.0.2",
      "resolved": "https://registry.npmjs.org/buffer-more-ints/-/buffer-more-ints-0.0.2.tgz",
      "integrity": "sha512-PDgX2QJgUc5+Jb2xAoBFP5MxhtVUmZHR33ak+m/SDxRdCrbnX1BggRIaxiW7ImwfmO4iJeCQKN18ToSXWGjYkA=="
    },
    "node_modules/bluebird": {
      "version": "3.7.2",
      "resolved": "https://registry.npmjs.org/bluebird/-/bluebird-3.7.2.tgz",
      "integrity": "sha512-XpNj6GDQzdfW+r2Wnn7xiSAd7TM3jzkxGXBGTtWKuSXv1xUV+azxAm8jdWZN06QTQk+2N2XB9jRDkvbmQmcRtg=="
    },
    "node_modules/buffer-more-ints": {
      "version": "1.0.0",
      "resolved": "https://registry.npmjs.org/buffer-more-ints/-/buffer-more-ints-1.0.0.tgz",
      "integrity": "sha512-EMetuGFz5SLsT0QTnXzINh4Ksr+oo4i+UGTXEshiGCQWnsgSs7ZhJ8fzlwQ+OzEMs0MpDAMr1hxnblp5a4vcHg=="
    },
    "node_modules/colors": {
      "version": "1.0.3",
      "resolved": "https://registry.npmjs.org/colors/-/colors-1.0.3.tgz",
      "integrity": "sha512-pFGrxThWcWQ2MsAz6RtgeWe4NK2kUE1WfsrvvlctdII745EW9I0yflqhe7++M5LEc7bV2c/9/5zc8sFcpL0Drw==",
      "engines": {
        "node": ">=0.1.90"
      }
    },
    "node_modules/combined-stream": {
      "version": "1.0.8",
      "license": "MIT",
      "dependencies": {
        "delayed-stream": "~1.0.0"
      },
      "engines": {
        "node": ">= 0.8"
      }
    },
    "node_modules/core-util-is": {
      "version": "1.0.3",
      "resolved": "https://registry.npmjs.org/core-util-is/-/core-util-is-1.0.3.tgz",
      "integrity": "sha512-ZQBvi1DcpJ4GDqanjucZ2Hj3wEO5pZDS89BWbkcrvdxksJorwUDDZamX9ldFkp9aw2lmBDLgkObEA4DWNJ9FYQ=="
    },
    "node_modules/cycle": {
      "version": "1.0.3",
      "resolved": "https://registry.npmjs.org/cycle/-/cycle-1.0.3.tgz",
      "integrity": "sha512-TVF6svNzeQCOpjCqsy0/CSy8VgObG3wXusJ73xW2GbG5rGx7lC8zxDSURicsXI2UsGdi2L0QNRCi745/wUDvsA==",
      "engines": {
        "node": ">=0.4.0"
      }
    },
    "node_modules/debug": {
      "version": "4.3.4",
      "resolved": "https://registry.npmjs.org/debug/-/debug-4.3.4.tgz",
      "integrity": "sha512-PRWFHuSU3eDtQJPvnNY7Jcket1j0t5OuOsFzPPzsekD52Zl8qUfFIPEiswXqIvHWGVHOgX+7G/vCNNhehwxfkQ==",
      "dependencies": {
        "ms": "2.1.2"
      },
      "engines": {
        "node": ">=6.0"
      },
      "peerDependenciesMeta": {
        "supports-color": {
          "optional": true
        }
      }
    },
    "node_modules/delayed-stream": {
      "version": "1.0.0",
      "license": "MIT",
      "engines": {
        "node": ">=0.4.0"
      }
    },
    "node_modules/eyes": {
      "version": "0.1.8",
      "resolved": "https://registry.npmjs.org/eyes/-/eyes-0.1.8.tgz",
      "integrity": "sha512-GipyPsXO1anza0AOZdy69Im7hGFCNB7Y/NGjDlZGJ3GJJLtwNSb2vrzYrTYJRrRloVx7pl+bhUaTB8yiccPvFQ==",
      "engines": {
        "node": "> 0.1.90"
      }
    },
    "node_modules/follow-redirects": {
      "version": "1.15.2",
      "resolved": "https://registry.npmjs.org/follow-redirects/-/follow-redirects-1.15.2.tgz",
      "integrity": "sha512-VQLG33o04KaQ8uYi2tVNbdrWp1QWxNNea+nmIB4EVM28v0hmP17z7aG1+wAkNzVq4KeXTq3221ye5qTJP91JwA==",
      "funding": [
        {
          "type": "individual",
          "url": "https://github.com/sponsors/RubenVerborgh"
        }
      ],
      "engines": {
        "node": ">=4.0"
      },
      "peerDependenciesMeta": {
        "debug": {
          "optional": true
        }
      }
    },
    "node_modules/inherits": {
      "version": "2.0.4",
      "resolved": "https://registry.npmjs.org/inherits/-/inherits-2.0.4.tgz",
      "integrity": "sha512-k/vGaX4/Yla3WzyMCvTQOXYeIHvqOKtnqBduzTHpzpQZzAskKMhZ2K+EnBiSM9zGSoIFeMpXKxa4dYeZIQqewQ=="
    },
    "node_modules/isarray": {
      "version": "0.0.1",
      "resolved": "https://registry.npmjs.org/isarray/-/isarray-0.0.1.tgz",
      "integrity": "sha512-D2S+3GLxWH+uhrNEcoh/fnmYeP8E8/zHl644d/jdA0g2uyXvy3sb0qxotE+ne0LtccHknQzWwZEzhak7oJ0COQ=="
    },
    "node_modules/isstream": {
      "version": "0.1.2",
      "resolved": "https://registry.npmjs.org/isstream/-/isstream-0.1.2.tgz",
      "integrity": "sha512-Yljz7ffyPbrLpLngrMtZ7NduUgVvi6wG9RJ9IUcyCd59YQ911PBJphODUcbOVbqYfxe1wuYf/LJ8PauMRwsM/g=="
    },
    "node_modules/lodash": {
      "version": "4.17.21",
      "resolved": "https://registry.npmjs.org/lodash/-/lodash-4.17.21.tgz",
      "integrity": "sha512-v2kDEe57lecTulaDIuNTPy3Ry4gLGJ6Z1O3vE1krgXZNrsQ+LFTGHVxVjcXPs17LhbZVGedAJv8XZ1tvj5FvSg=="
    },
    "node_modules/mime-db": {
      "version": "1.52.0",
      "license": "MIT",
      "engines": {
        "node": ">= 0.6"
      }
    },
    "node_modules/mime-types": {
      "version": "2.1.35",
      "license": "MIT",
      "dependencies": {
        "mime-db": "1.52.0"
      },
      "engines": {
        "node": ">= 0.6"
      }
    },
    "node_modules/ms": {
      "version": "2.1.2",
      "resolved": "https://registry.npmjs.org/ms/-/ms-2.1.2.tgz",
      "integrity": "sha512-sGkPx+VjMtmA6MX27oA4FBFELFCZZ4S4XqeGOXCv68tT+jb3vk/RyaKWP0PTKyWtmLSM0b+adUTEvbs1PEaH2w=="
    },
    "node_modules/proxy-from-env": {
      "version": "1.1.0",
      "resolved": "https://registry.npmjs.org/proxy-from-env/-/proxy-from-env-1.1.0.tgz",
      "integrity": "sha512-D+zkORCbA9f1tdWRK0RaCR3GPv50cMxcrz4X8k5LTSUD1Dkw47mKJEZQNunItRTkWwgtaUSo1RVFRIG9ZXiFYg=="
    },
    "node_modules/querystringify": {
      "version": "2.2.0",
      "resolved": "https://registry.npmjs.org/querystringify/-/querystringify-2.2.0.tgz",
      "integrity": "sha512-FIqgj2EUvTa7R50u0rGsyTftzjYmv/a3hO345bZNrqabNqjtgiDMgmo4mkUjd+nzU5oF3dClKqFIPUKybUyqoQ=="
    },
    "node_modules/readable-stream": {
      "version": "1.1.14",
      "resolved": "https://registry.npmjs.org/readable-stream/-/readable-stream-1.1.14.tgz",
      "integrity": "sha512-+MeVjFf4L44XUkhM1eYbD8fyEsxcV81pqMSR5gblfcLCHfZvbrqy4/qYHE+/R5HoBUT11WV5O08Cr1n3YXkWVQ==",
      "dependencies": {
        "core-util-is": "~1.0.0",
        "inherits": "~2.0.1",
        "isarray": "0.0.1",
        "string_decoder": "~0.10.x"
      }
    },
    "node_modules/requires-port": {
      "version": "1.0.0",
      "resolved": "https://registry.npmjs.org/requires-port/-/requires-port-1.0.0.tgz",
      "integrity": "sha512-KigOCHcocU3XODJxsu8i/j8T9tzT4adHiecwORRQ0ZZFcp7ahwXuRU1m+yuO90C5ZUyGeGfocHDI14M3L3yDAQ=="
    },
    "node_modules/safe-buffer": {
      "version": "5.1.2",
      "resolved": "https://registry.npmjs.org/safe-buffer/-/safe-buffer-5.1.2.tgz",
      "integrity": "sha512-Gd2UZBJDkXlY7GbJxfsE8/nvKkUEU1G38c1siN6QP6a9PT9MmHB8GnpscSmMJSoF8LOIrt8ud/wPtojys4G6+g=="
    },
    "node_modules/stack-trace": {
      "version": "0.0.10",
      "resolved": "https://registry.npmjs.org/stack-trace/-/stack-trace-0.0.10.tgz",
      "integrity": "sha512-KGzahc7puUKkzyMt+IqAep+TVNbKP+k2Lmwhub39m1AsTSkaDutx56aDCo+HLDzf/D26BIHTJWNiTG1KAJiQCg==",
      "engines": {
        "node": "*"
      }
    },
    "node_modules/string_decoder": {
      "version": "0.10.31",
      "resolved": "https://registry.npmjs.org/string_decoder/-/string_decoder-0.10.31.tgz",
      "integrity": "sha512-ev2QzSzWPYmy9GuqfIVildA4OdcGLeFZQrq5ys6RtiuF+RQQiZWr8TZNyAcuVXyQRYfEO+MsoB/1BuQVhOJuoQ=="
    },
    "node_modules/url-parse": {
      "version": "1.5.10",
      "resolved": "https://registry.npmjs.org/url-parse/-/url-parse-1.5.10.tgz",
      "integrity": "sha512-WypcfiRhfeUP9vvF0j6rw0J3hrWrw6iZv3+22h6iRMJ/8z1Tj6XfLP4DsUix5MhMPnXpiHDoKyoZ/bdCkwBCiQ==",
      "dependencies": {
        "querystringify": "^2.1.1",
        "requires-port": "^1.0.0"
      }
    },
    "node_modules/when": {
      "version": "3.6.4",
      "resolved": "https://registry.npmjs.org/when/-/when-3.6.4.tgz",
      "integrity": "sha512-d1VUP9F96w664lKINMGeElWdhhb5sC+thXM+ydZGU3ZnaE09Wv6FaS+mpM9570kcDs/xMfcXJBTLsMdHEFYY9Q=="
    },
    "node_modules/winston": {
      "version": "2.4.7",
      "resolved": "https://registry.npmjs.org/winston/-/winston-2.4.7.tgz",
      "integrity": "sha512-vLB4BqzCKDnnZH9PHGoS2ycawueX4HLqENXQitvFHczhgW2vFpSOn31LZtVr1KU8YTw7DS4tM+cqyovxo8taVg==",
      "dependencies": {
        "async": "^2.6.4",
        "colors": "1.0.x",
        "cycle": "1.0.x",
        "eyes": "0.1.x",
        "isstream": "0.1.x",
        "stack-trace": "0.0.x"
      },
      "engines": {
        "node": ">= 0.10.0"
      }
    }
  },
  "dependencies": {
    "@acuminous/bitsyntax": {
      "version": "0.1.2",
      "resolved": "https://registry.npmjs.org/@acuminous/bitsyntax/-/bitsyntax-0.1.2.tgz",
      "integrity": "sha512-29lUK80d1muEQqiUsSo+3A0yP6CdspgC95EnKBMi22Xlwt79i/En4Vr67+cXhU+cZjbti3TgGGC5wy1stIywVQ==",
      "requires": {
        "buffer-more-ints": "~1.0.0",
        "debug": "^4.3.4",
        "safe-buffer": "~5.1.2"
      }
    },
    "@types/node": {
      "version": "12.20.55",
      "resolved": "https://registry.npmjs.org/@types/node/-/node-12.20.55.tgz",
      "integrity": "sha512-J8xLz7q2OFulZ2cyGTLE1TbbZcjpno7FaN6zdJNrgAdrJ+DZzh/uFR6YrTb4C+nXakvud8Q4+rbhoIWlYQbUFQ=="
    },
    "amqp-ts": {
      "version": "1.8.0",
      "resolved": "https://registry.npmjs.org/amqp-ts/-/amqp-ts-1.8.0.tgz",
      "integrity": "sha512-XIqxqfpJX4G3KkGcpyPhVXXmw8S+BZfzQuSPB504RBibi55XEpHEHgFNWWNHRax09bmiPgPYQmTNEec6pJUfMQ==",
      "requires": {
        "@types/node": "^12.7.2",
        "amqplib": "^0.4.1",
        "bluebird": "^3.3.5",
        "winston": "^2.2.0"
      },
      "dependencies": {
        "amqplib": {
          "version": "0.4.2",
          "resolved": "https://registry.npmjs.org/amqplib/-/amqplib-0.4.2.tgz",
          "integrity": "sha512-B8iSyozIqKcR72wFeS+VrCYmzqyCIRKDnDr8nnz2FBsnpKjia4pqby2/r4FluhyaIzBqKGaldYWy95g0OKPHUA==",
          "requires": {
            "bitsyntax": "~0.0.4",
            "buffer-more-ints": "0.0.2",
            "readable-stream": "1.x >=1.1.9",
            "when": "~3.6.2"
          }
        },
        "buffer-more-ints": {
          "version": "0.0.2",
          "resolved": "https://registry.npmjs.org/buffer-more-ints/-/buffer-more-ints-0.0.2.tgz",
          "integrity": "sha512-PDgX2QJgUc5+Jb2xAoBFP5MxhtVUmZHR33ak+m/SDxRdCrbnX1BggRIaxiW7ImwfmO4iJeCQKN18ToSXWGjYkA=="
        }
      }
    },
    "amqplib": {
      "version": "0.10.3",
      "resolved": "https://registry.npmjs.org/amqplib/-/amqplib-0.10.3.tgz",
      "integrity": "sha512-UHmuSa7n8vVW/a5HGh2nFPqAEr8+cD4dEZ6u9GjP91nHfr1a54RyAKyra7Sb5NH7NBKOUlyQSMXIp0qAixKexw==",
      "requires": {
        "@acuminous/bitsyntax": "^0.1.2",
        "buffer-more-ints": "~1.0.0",
        "readable-stream": "1.x >=1.1.9",
        "url-parse": "~1.5.10"
      }
    },
    "async": {
      "version": "2.6.4",
      "resolved": "https://registry.npmjs.org/async/-/async-2.6.4.tgz",
      "integrity": "sha512-mzo5dfJYwAn29PeiJ0zvwTo04zj8HDJj0Mn8TD7sno7q12prdbnasKJHhkm2c1LgrhlJ0teaea8860oxi51mGA==",
      "requires": {
        "lodash": "^4.17.14"
      }
    },
    "asynckit": {
      "version": "0.4.0"
    },
    "axios": {
      "version": "1.1.3",
      "resolved": "https://registry.npmjs.org/axios/-/axios-1.1.3.tgz",
      "integrity": "sha512-00tXVRwKx/FZr/IDVFt4C+f9FYairX517WoGCL6dpOntqLkZofjhu43F/Xl44UOpqa+9sLFDrG/XAnFsUYgkDA==",
      "requires": {
        "follow-redirects": "^1.15.0",
        "form-data": "^4.0.0",
        "proxy-from-env": "^1.1.0"
      },
      "dependencies": {
        "form-data": {
          "version": "4.0.0",
          "resolved": "https://registry.npmjs.org/form-data/-/form-data-4.0.0.tgz",
          "integrity": "sha512-ETEklSGi5t0QMZuiXoA/Q6vcnxcLQP5vdugSpuAyi6SVGi2clPPp+xgEhuMaHC+zGgn31Kd235W35f7Hykkaww==",
          "requires": {
            "asynckit": "^0.4.0",
            "combined-stream": "^1.0.8",
            "mime-types": "^2.1.12"
          }
        }
      }
    },
    "bitsyntax": {
      "version": "0.0.4",
      "resolved": "https://registry.npmjs.org/bitsyntax/-/bitsyntax-0.0.4.tgz",
      "integrity": "sha512-Pav3HSZXD2NLQOWfJldY3bpJLt8+HS2nUo5Z1bLLmHg2vCE/cM1qfEvNjlYo7GgYQPneNr715Bh42i01ZHZPvw==",
      "requires": {
        "buffer-more-ints": "0.0.2"
      },
      "dependencies": {
        "buffer-more-ints": {
          "version": "0.0.2",
          "resolved": "https://registry.npmjs.org/buffer-more-ints/-/buffer-more-ints-0.0.2.tgz",
          "integrity": "sha512-PDgX2QJgUc5+Jb2xAoBFP5MxhtVUmZHR33ak+m/SDxRdCrbnX1BggRIaxiW7ImwfmO4iJeCQKN18ToSXWGjYkA=="
        }
      }
    },
    "bluebird": {
      "version": "3.7.2",
      "resolved": "https://registry.npmjs.org/bluebird/-/bluebird-3.7.2.tgz",
      "integrity": "sha512-XpNj6GDQzdfW+r2Wnn7xiSAd7TM3jzkxGXBGTtWKuSXv1xUV+azxAm8jdWZN06QTQk+2N2XB9jRDkvbmQmcRtg=="
    },
    "buffer-more-ints": {
      "version": "1.0.0",
      "resolved": "https://registry.npmjs.org/buffer-more-ints/-/buffer-more-ints-1.0.0.tgz",
      "integrity": "sha512-EMetuGFz5SLsT0QTnXzINh4Ksr+oo4i+UGTXEshiGCQWnsgSs7ZhJ8fzlwQ+OzEMs0MpDAMr1hxnblp5a4vcHg=="
    },
    "colors": {
      "version": "1.0.3",
      "resolved": "https://registry.npmjs.org/colors/-/colors-1.0.3.tgz",
      "integrity": "sha512-pFGrxThWcWQ2MsAz6RtgeWe4NK2kUE1WfsrvvlctdII745EW9I0yflqhe7++M5LEc7bV2c/9/5zc8sFcpL0Drw=="
    },
    "combined-stream": {
      "version": "1.0.8",
      "requires": {
        "delayed-stream": "~1.0.0"
      }
    },
    "core-util-is": {
      "version": "1.0.3",
      "resolved": "https://registry.npmjs.org/core-util-is/-/core-util-is-1.0.3.tgz",
      "integrity": "sha512-ZQBvi1DcpJ4GDqanjucZ2Hj3wEO5pZDS89BWbkcrvdxksJorwUDDZamX9ldFkp9aw2lmBDLgkObEA4DWNJ9FYQ=="
    },
    "cycle": {
      "version": "1.0.3",
      "resolved": "https://registry.npmjs.org/cycle/-/cycle-1.0.3.tgz",
      "integrity": "sha512-TVF6svNzeQCOpjCqsy0/CSy8VgObG3wXusJ73xW2GbG5rGx7lC8zxDSURicsXI2UsGdi2L0QNRCi745/wUDvsA=="
    },
    "debug": {
      "version": "4.3.4",
      "resolved": "https://registry.npmjs.org/debug/-/debug-4.3.4.tgz",
      "integrity": "sha512-PRWFHuSU3eDtQJPvnNY7Jcket1j0t5OuOsFzPPzsekD52Zl8qUfFIPEiswXqIvHWGVHOgX+7G/vCNNhehwxfkQ==",
      "requires": {
        "ms": "2.1.2"
      }
    },
    "delayed-stream": {
      "version": "1.0.0"
    },
    "eyes": {
      "version": "0.1.8",
      "resolved": "https://registry.npmjs.org/eyes/-/eyes-0.1.8.tgz",
      "integrity": "sha512-GipyPsXO1anza0AOZdy69Im7hGFCNB7Y/NGjDlZGJ3GJJLtwNSb2vrzYrTYJRrRloVx7pl+bhUaTB8yiccPvFQ=="
    },
    "follow-redirects": {
      "version": "1.15.2",
      "resolved": "https://registry.npmjs.org/follow-redirects/-/follow-redirects-1.15.2.tgz",
      "integrity": "sha512-VQLG33o04KaQ8uYi2tVNbdrWp1QWxNNea+nmIB4EVM28v0hmP17z7aG1+wAkNzVq4KeXTq3221ye5qTJP91JwA=="
    },
    "inherits": {
      "version": "2.0.4",
      "resolved": "https://registry.npmjs.org/inherits/-/inherits-2.0.4.tgz",
      "integrity": "sha512-k/vGaX4/Yla3WzyMCvTQOXYeIHvqOKtnqBduzTHpzpQZzAskKMhZ2K+EnBiSM9zGSoIFeMpXKxa4dYeZIQqewQ=="
    },
    "isarray": {
      "version": "0.0.1",
      "resolved": "https://registry.npmjs.org/isarray/-/isarray-0.0.1.tgz",
      "integrity": "sha512-D2S+3GLxWH+uhrNEcoh/fnmYeP8E8/zHl644d/jdA0g2uyXvy3sb0qxotE+ne0LtccHknQzWwZEzhak7oJ0COQ=="
    },
    "isstream": {
      "version": "0.1.2",
      "resolved": "https://registry.npmjs.org/isstream/-/isstream-0.1.2.tgz",
      "integrity": "sha512-Yljz7ffyPbrLpLngrMtZ7NduUgVvi6wG9RJ9IUcyCd59YQ911PBJphODUcbOVbqYfxe1wuYf/LJ8PauMRwsM/g=="
    },
    "lodash": {
      "version": "4.17.21",
      "resolved": "https://registry.npmjs.org/lodash/-/lodash-4.17.21.tgz",
      "integrity": "sha512-v2kDEe57lecTulaDIuNTPy3Ry4gLGJ6Z1O3vE1krgXZNrsQ+LFTGHVxVjcXPs17LhbZVGedAJv8XZ1tvj5FvSg=="
    },
    "mime-db": {
      "version": "1.52.0"
    },
    "mime-types": {
      "version": "2.1.35",
      "requires": {
        "mime-db": "1.52.0"
      }
    },
    "ms": {
      "version": "2.1.2",
      "resolved": "https://registry.npmjs.org/ms/-/ms-2.1.2.tgz",
      "integrity": "sha512-sGkPx+VjMtmA6MX27oA4FBFELFCZZ4S4XqeGOXCv68tT+jb3vk/RyaKWP0PTKyWtmLSM0b+adUTEvbs1PEaH2w=="
    },
    "proxy-from-env": {
      "version": "1.1.0",
      "resolved": "https://registry.npmjs.org/proxy-from-env/-/proxy-from-env-1.1.0.tgz",
      "integrity": "sha512-D+zkORCbA9f1tdWRK0RaCR3GPv50cMxcrz4X8k5LTSUD1Dkw47mKJEZQNunItRTkWwgtaUSo1RVFRIG9ZXiFYg=="
    },
    "querystringify": {
      "version": "2.2.0",
      "resolved": "https://registry.npmjs.org/querystringify/-/querystringify-2.2.0.tgz",
      "integrity": "sha512-FIqgj2EUvTa7R50u0rGsyTftzjYmv/a3hO345bZNrqabNqjtgiDMgmo4mkUjd+nzU5oF3dClKqFIPUKybUyqoQ=="
    },
    "readable-stream": {
      "version": "1.1.14",
      "resolved": "https://registry.npmjs.org/readable-stream/-/readable-stream-1.1.14.tgz",
      "integrity": "sha512-+MeVjFf4L44XUkhM1eYbD8fyEsxcV81pqMSR5gblfcLCHfZvbrqy4/qYHE+/R5HoBUT11WV5O08Cr1n3YXkWVQ==",
      "requires": {
        "core-util-is": "~1.0.0",
        "inherits": "~2.0.1",
        "isarray": "0.0.1",
        "string_decoder": "~0.10.x"
      }
    },
    "requires-port": {
      "version": "1.0.0",
      "resolved": "https://registry.npmjs.org/requires-port/-/requires-port-1.0.0.tgz",
      "integrity": "sha512-KigOCHcocU3XODJxsu8i/j8T9tzT4adHiecwORRQ0ZZFcp7ahwXuRU1m+yuO90C5ZUyGeGfocHDI14M3L3yDAQ=="
    },
    "safe-buffer": {
      "version": "5.1.2",
      "resolved": "https://registry.npmjs.org/safe-buffer/-/safe-buffer-5.1.2.tgz",
      "integrity": "sha512-Gd2UZBJDkXlY7GbJxfsE8/nvKkUEU1G38c1siN6QP6a9PT9MmHB8GnpscSmMJSoF8LOIrt8ud/wPtojys4G6+g=="
    },
    "stack-trace": {
      "version": "0.0.10",
      "resolved": "https://registry.npmjs.org/stack-trace/-/stack-trace-0.0.10.tgz",
      "integrity": "sha512-KGzahc7puUKkzyMt+IqAep+TVNbKP+k2Lmwhub39m1AsTSkaDutx56aDCo+HLDzf/D26BIHTJWNiTG1KAJiQCg=="
    },
    "string_decoder": {
      "version": "0.10.31",
      "resolved": "https://registry.npmjs.org/string_decoder/-/string_decoder-0.10.31.tgz",
      "integrity": "sha512-ev2QzSzWPYmy9GuqfIVildA4OdcGLeFZQrq5ys6RtiuF+RQQiZWr8TZNyAcuVXyQRYfEO+MsoB/1BuQVhOJuoQ=="
    },
    "url-parse": {
      "version": "1.5.10",
      "resolved": "https://registry.npmjs.org/url-parse/-/url-parse-1.5.10.tgz",
      "integrity": "sha512-WypcfiRhfeUP9vvF0j6rw0J3hrWrw6iZv3+22h6iRMJ/8z1Tj6XfLP4DsUix5MhMPnXpiHDoKyoZ/bdCkwBCiQ==",
      "requires": {
        "querystringify": "^2.1.1",
        "requires-port": "^1.0.0"
      }
    },
    "when": {
      "version": "3.6.4",
      "resolved": "https://registry.npmjs.org/when/-/when-3.6.4.tgz",
      "integrity": "sha512-d1VUP9F96w664lKINMGeElWdhhb5sC+thXM+ydZGU3ZnaE09Wv6FaS+mpM9570kcDs/xMfcXJBTLsMdHEFYY9Q=="
    },
    "winston": {
      "version": "2.4.7",
      "resolved": "https://registry.npmjs.org/winston/-/winston-2.4.7.tgz",
      "integrity": "sha512-vLB4BqzCKDnnZH9PHGoS2ycawueX4HLqENXQitvFHczhgW2vFpSOn31LZtVr1KU8YTw7DS4tM+cqyovxo8taVg==",
      "requires": {
        "async": "^2.6.4",
        "colors": "1.0.x",
        "cycle": "1.0.x",
        "eyes": "0.1.x",
        "isstream": "0.1.x",
        "stack-trace": "0.0.x"
      }
    }
  }
}
